
Microsoft Visual Studio Solution File, Format Version 12.00
# Visual Studio Version 17
VisualStudioVersion = 17.6.33723.286
MinimumVisualStudioVersion = 10.0.40219.1
Project("{FAE04EC0-301F-11D3-BF4B-00C04F79EFBC}") = "rock_paper_scissors_game", "rock_paper_scissors_game\rock_paper_scissors_game.csproj", "{C9CA9E63-7DAA-4F41-9FB3-D9352A9F46A0}"
EndProject
Global
	GlobalSection(SolutionConfigurationPlatforms) = preSolution
		Debug|Any CPU = Debug|Any CPU
		Release|Any CPU = Release|Any CPU
	EndGlobalSection
	GlobalSection(ProjectConfigurationPlatforms) = postSolution
		{C9CA9E63-7DAA-4F41-9FB3-D9352A9F46A0}.Debug|Any CPU.ActiveCfg = Debug|Any CPU
		{C9CA9E63-7DAA-4F41-9FB3-D9352A9F46A0}.Debug|Any CPU.Build.0 = Debug|Any CPU
		{C9CA9E63-7DAA-4F41-9FB3-D9352A9F46A0}.Release|Any CPU.ActiveCfg = Release|Any CPU
		{C9CA9E63-7DAA-4F41-9FB3-D9352A9F46A0}.Release|Any CPU.Build.0 = Release|Any CPU
	EndGlobalSection
	GlobalSection(SolutionProperties) = preSolution
		HideSolutionNode = FALSE
	EndGlobalSection
	GlobalSection(ExtensibilityGlobals) = postSolution
		SolutionGuid = {D1E04129-62AD-4CA9-BB08-ABACC9E77F12}
	EndGlobalSection
EndGlobal
